// !$*UTF8*$!
{
	archiveVersion = 1;
	classes = {
	};
	objectVersion = 46;
	objects = {

/* Begin PBXBuildFile section */
		2001B1B61B0A558800656ECB /* Foundation.framework in Frameworks */ = {isa = PBXBuildFile; fileRef = 2001B1B51B0A558800656ECB /* Foundation.framework */; };
		2001B1B81B0A559000656ECB /* UIKit.framework in Frameworks */ = {isa = PBXBuildFile; fileRef = 2001B1B71B0A559000656ECB /* UIKit.framework */; };
		2001B1BA1B0A55A000656ECB /* CoreGraphics.framework in Frameworks */ = {isa = PBXBuildFile; fileRef = 2001B1B91B0A55A000656ECB /* CoreGraphics.framework */; };
		2001B1BF1B0A584A00656ECB /* MBProgressHUD.m in Sources */ = {isa = PBXBuildFile; fileRef = 2001B1BE1B0A584A00656ECB /* MBProgressHUD.m */; };
		2039C1A71B0F648C00F6BF92 /* Realm.framework in Frameworks */ = {isa = PBXBuildFile; fileRef = 2039C1A61B0F648C00F6BF92 /* Realm.framework */; };
		2039C1A91B0F64D000F6BF92 /* libc++.dylib in Frameworks */ = {isa = PBXBuildFile; fileRef = 2039C1A81B0F64D000F6BF92 /* libc++.dylib */; };
		2039C1AC1B0F688000F6BF92 /* ProfileService.m in Sources */ = {isa = PBXBuildFile; fileRef = 2039C1AB1B0F688000F6BF92 /* ProfileService.m */; };
		20A9B0C01B03856B005A530C /* RemoteService.m in Sources */ = {isa = PBXBuildFile; fileRef = 20A9B0BF1B03856B005A530C /* RemoteService.m */; };
		20A9B0C41B0390CC005A530C /* Profile.m in Sources */ = {isa = PBXBuildFile; fileRef = 20A9B0C31B0390CC005A530C /* Profile.m */; };
		20B44F1F1B0CE31B00BEB7F6 /* UpdateProfileViewController.m in Sources */ = {isa = PBXBuildFile; fileRef = 20B44F1E1B0CE31B00BEB7F6 /* UpdateProfileViewController.m */; };
		20E6755E1B049001007363A7 /* AddProfileViewController.m in Sources */ = {isa = PBXBuildFile; fileRef = 20E6755D1B049001007363A7 /* AddProfileViewController.m */; };
		20E675631B04FDAF007363A7 /* DisplayProfileTableViewController.m in Sources */ = {isa = PBXBuildFile; fileRef = 20E675621B04FDAF007363A7 /* DisplayProfileTableViewController.m */; };
		20F2180A1B020C9D0078CF28 /* main.m in Sources */ = {isa = PBXBuildFile; fileRef = 20F218091B020C9D0078CF28 /* main.m */; };
		20F2180D1B020C9D0078CF28 /* AppDelegate.m in Sources */ = {isa = PBXBuildFile; fileRef = 20F2180C1B020C9D0078CF28 /* AppDelegate.m */; };
		20F218101B020C9D0078CF28 /* ViewController.m in Sources */ = {isa = PBXBuildFile; fileRef = 20F2180F1B020C9D0078CF28 /* ViewController.m */; };
		20F218131B020C9D0078CF28 /* Main.storyboard in Resources */ = {isa = PBXBuildFile; fileRef = 20F218111B020C9D0078CF28 /* Main.storyboard */; };
		20F218151B020C9D0078CF28 /* Images.xcassets in Resources */ = {isa = PBXBuildFile; fileRef = 20F218141B020C9D0078CF28 /* Images.xcassets */; };
		20F218181B020C9D0078CF28 /* LaunchScreen.xib in Resources */ = {isa = PBXBuildFile; fileRef = 20F218161B020C9D0078CF28 /* LaunchScreen.xib */; };
		20F218241B020C9D0078CF28 /* IOS_Objective_cTests.m in Sources */ = {isa = PBXBuildFile; fileRef = 20F218231B020C9D0078CF28 /* IOS_Objective_cTests.m */; };
		20F218571B023A800078CF28 /* AFHTTPRequestOperation.m in Sources */ = {isa = PBXBuildFile; fileRef = 20F218331B023A800078CF28 /* AFHTTPRequestOperation.m */; };
		20F218581B023A800078CF28 /* AFHTTPRequestOperationManager.m in Sources */ = {isa = PBXBuildFile; fileRef = 20F218351B023A800078CF28 /* AFHTTPRequestOperationManager.m */; };
		20F218591B023A800078CF28 /* AFHTTPSessionManager.m in Sources */ = {isa = PBXBuildFile; fileRef = 20F218371B023A800078CF28 /* AFHTTPSessionManager.m */; };
		20F2185A1B023A800078CF28 /* AFNetworkReachabilityManager.m in Sources */ = {isa = PBXBuildFile; fileRef = 20F2183A1B023A800078CF28 /* AFNetworkReachabilityManager.m */; };
		20F2185B1B023A800078CF28 /* AFSecurityPolicy.m in Sources */ = {isa = PBXBuildFile; fileRef = 20F2183C1B023A800078CF28 /* AFSecurityPolicy.m */; };
		20F2185C1B023A800078CF28 /* AFURLConnectionOperation.m in Sources */ = {isa = PBXBuildFile; fileRef = 20F2183E1B023A800078CF28 /* AFURLConnectionOperation.m */; };
		20F2185D1B023A800078CF28 /* AFURLRequestSerialization.m in Sources */ = {isa = PBXBuildFile; fileRef = 20F218401B023A800078CF28 /* AFURLRequestSerialization.m */; };
		20F2185E1B023A800078CF28 /* AFURLResponseSerialization.m in Sources */ = {isa = PBXBuildFile; fileRef = 20F218421B023A800078CF28 /* AFURLResponseSerialization.m */; };
		20F2185F1B023A800078CF28 /* AFURLSessionManager.m in Sources */ = {isa = PBXBuildFile; fileRef = 20F218441B023A800078CF28 /* AFURLSessionManager.m */; };
		20F218601B023A800078CF28 /* AFNetworkActivityIndicatorManager.m in Sources */ = {isa = PBXBuildFile; fileRef = 20F218471B023A800078CF28 /* AFNetworkActivityIndicatorManager.m */; };
		20F218611B023A800078CF28 /* UIActivityIndicatorView+AFNetworking.m in Sources */ = {isa = PBXBuildFile; fileRef = 20F218491B023A800078CF28 /* UIActivityIndicatorView+AFNetworking.m */; };
		20F218621B023A800078CF28 /* UIAlertView+AFNetworking.m in Sources */ = {isa = PBXBuildFile; fileRef = 20F2184B1B023A800078CF28 /* UIAlertView+AFNetworking.m */; };
		20F218631B023A800078CF28 /* UIButton+AFNetworking.m in Sources */ = {isa = PBXBuildFile; fileRef = 20F2184D1B023A800078CF28 /* UIButton+AFNetworking.m */; };
		20F218641B023A800078CF28 /* UIImageView+AFNetworking.m in Sources */ = {isa = PBXBuildFile; fileRef = 20F2184F1B023A800078CF28 /* UIImageView+AFNetworking.m */; };
		20F218651B023A800078CF28 /* UIProgressView+AFNetworking.m in Sources */ = {isa = PBXBuildFile; fileRef = 20F218521B023A800078CF28 /* UIProgressView+AFNetworking.m */; };
		20F218661B023A800078CF28 /* UIRefreshControl+AFNetworking.m in Sources */ = {isa = PBXBuildFile; fileRef = 20F218541B023A800078CF28 /* UIRefreshControl+AFNetworking.m */; };
		20F218671B023A800078CF28 /* UIWebView+AFNetworking.m in Sources */ = {isa = PBXBuildFile; fileRef = 20F218561B023A800078CF28 /* UIWebView+AFNetworking.m */; };
/* End PBXBuildFile section */

/* Begin PBXContainerItemProxy section */
		20F2181E1B020C9D0078CF28 /* PBXContainerItemProxy */ = {
			isa = PBXContainerItemProxy;
			containerPortal = 20F217FC1B020C9D0078CF28 /* Project object */;
			proxyType = 1;
			remoteGlobalIDString = 20F218031B020C9D0078CF28;
			remoteInfo = "IOS-Objective-c";
		};
/* End PBXContainerItemProxy section */

/* Begin PBXFileReference section */
		2001B1B51B0A558800656ECB /* Foundation.framework */ = {isa = PBXFileReference; lastKnownFileType = wrapper.framework; name = Foundation.framework; path = System/Library/Frameworks/Foundation.framework; sourceTree = SDKROOT; };
		2001B1B71B0A559000656ECB /* UIKit.framework */ = {isa = PBXFileReference; lastKnownFileType = wrapper.framework; name = UIKit.framework; path = System/Library/Frameworks/UIKit.framework; sourceTree = SDKROOT; };
		2001B1B91B0A55A000656ECB /* CoreGraphics.framework */ = {isa = PBXFileReference; lastKnownFileType = wrapper.framework; name = CoreGraphics.framework; path = System/Library/Frameworks/CoreGraphics.framework; sourceTree = SDKROOT; };
		2001B1BC1B0A57AE00656ECB /* AddProfileViewController.h */ = {isa = PBXFileReference; lastKnownFileType = sourcecode.c.h; path = AddProfileViewController.h; sourceTree = "<group>"; };
		2001B1BD1B0A584A00656ECB /* MBProgressHUD.h */ = {isa = PBXFileReference; fileEncoding = 4; lastKnownFileType = sourcecode.c.h; path = MBProgressHUD.h; sourceTree = "<group>"; };
		2001B1BE1B0A584A00656ECB /* MBProgressHUD.m */ = {isa = PBXFileReference; fileEncoding = 4; lastKnownFileType = sourcecode.c.objc; path = MBProgressHUD.m; sourceTree = "<group>"; };
		2039C1A61B0F648C00F6BF92 /* Realm.framework */ = {isa = PBXFileReference; lastKnownFileType = wrapper.framework; path = Realm.framework; sourceTree = "<group>"; };
		2039C1A81B0F64D000F6BF92 /* libc++.dylib */ = {isa = PBXFileReference; lastKnownFileType = "compiled.mach-o.dylib"; name = "libc++.dylib"; path = "usr/lib/libc++.dylib"; sourceTree = SDKROOT; };
		2039C1AA1B0F688000F6BF92 /* ProfileService.h */ = {isa = PBXFileReference; fileEncoding = 4; lastKnownFileType = sourcecode.c.h; path = ProfileService.h; sourceTree = "<group>"; };
		2039C1AB1B0F688000F6BF92 /* ProfileService.m */ = {isa = PBXFileReference; fileEncoding = 4; lastKnownFileType = sourcecode.c.objc; path = ProfileService.m; sourceTree = "<group>"; };
		20A9B0BE1B03856A005A530C /* RemoteService.h */ = {isa = PBXFileReference; fileEncoding = 4; lastKnownFileType = sourcecode.c.h; path = RemoteService.h; sourceTree = "<group>"; };
		20A9B0BF1B03856B005A530C /* RemoteService.m */ = {isa = PBXFileReference; fileEncoding = 4; lastKnownFileType = sourcecode.c.objc; path = RemoteService.m; sourceTree = "<group>"; };
		20A9B0C21B0390CC005A530C /* Profile.h */ = {isa = PBXFileReference; fileEncoding = 4; lastKnownFileType = sourcecode.c.h; path = Profile.h; sourceTree = "<group>"; };
		20A9B0C31B0390CC005A530C /* Profile.m */ = {isa = PBXFileReference; fileEncoding = 4; lastKnownFileType = sourcecode.c.objc; path = Profile.m; sourceTree = "<group>"; };
		20B44F1D1B0CE31B00BEB7F6 /* UpdateProfileViewController.h */ = {isa = PBXFileReference; fileEncoding = 4; lastKnownFileType = sourcecode.c.h; path = UpdateProfileViewController.h; sourceTree = "<group>"; };
		20B44F1E1B0CE31B00BEB7F6 /* UpdateProfileViewController.m */ = {isa = PBXFileReference; fileEncoding = 4; lastKnownFileType = sourcecode.c.objc; path = UpdateProfileViewController.m; sourceTree = "<group>"; };
		20E6755D1B049001007363A7 /* AddProfileViewController.m */ = {isa = PBXFileReference; fileEncoding = 4; lastKnownFileType = sourcecode.c.objc; path = AddProfileViewController.m; sourceTree = "<group>"; };
		20E675611B04FDAF007363A7 /* DisplayProfileTableViewController.h */ = {isa = PBXFileReference; fileEncoding = 4; lastKnownFileType = sourcecode.c.h; path = DisplayProfileTableViewController.h; sourceTree = "<group>"; };
		20E675621B04FDAF007363A7 /* DisplayProfileTableViewController.m */ = {isa = PBXFileReference; fileEncoding = 4; lastKnownFileType = sourcecode.c.objc; path = DisplayProfileTableViewController.m; sourceTree = "<group>"; };
		20F218041B020C9D0078CF28 /* IOS-Objective-c.app */ = {isa = PBXFileReference; explicitFileType = wrapper.application; includeInIndex = 0; path = "IOS-Objective-c.app"; sourceTree = BUILT_PRODUCTS_DIR; };
		20F218081B020C9D0078CF28 /* Info.plist */ = {isa = PBXFileReference; lastKnownFileType = text.plist.xml; path = Info.plist; sourceTree = "<group>"; };
		20F218091B020C9D0078CF28 /* main.m */ = {isa = PBXFileReference; lastKnownFileType = sourcecode.c.objc; path = main.m; sourceTree = "<group>"; };
		20F2180B1B020C9D0078CF28 /* AppDelegate.h */ = {isa = PBXFileReference; lastKnownFileType = sourcecode.c.h; path = AppDelegate.h; sourceTree = "<group>"; };
		20F2180C1B020C9D0078CF28 /* AppDelegate.m */ = {isa = PBXFileReference; lastKnownFileType = sourcecode.c.objc; path = AppDelegate.m; sourceTree = "<group>"; };
		20F2180E1B020C9D0078CF28 /* ViewController.h */ = {isa = PBXFileReference; lastKnownFileType = sourcecode.c.h; path = ViewController.h; sourceTree = "<group>"; };
		20F2180F1B020C9D0078CF28 /* ViewController.m */ = {isa = PBXFileReference; lastKnownFileType = sourcecode.c.objc; path = ViewController.m; sourceTree = "<group>"; };
		20F218121B020C9D0078CF28 /* Base */ = {isa = PBXFileReference; lastKnownFileType = file.storyboard; name = Base; path = Base.lproj/Main.storyboard; sourceTree = "<group>"; };
		20F218141B020C9D0078CF28 /* Images.xcassets */ = {isa = PBXFileReference; lastKnownFileType = folder.assetcatalog; path = Images.xcassets; sourceTree = "<group>"; };
		20F218171B020C9D0078CF28 /* Base */ = {isa = PBXFileReference; lastKnownFileType = file.xib; name = Base; path = Base.lproj/LaunchScreen.xib; sourceTree = "<group>"; };
		20F2181D1B020C9D0078CF28 /* IOS-Objective-cTests.xctest */ = {isa = PBXFileReference; explicitFileType = wrapper.cfbundle; includeInIndex = 0; path = "IOS-Objective-cTests.xctest"; sourceTree = BUILT_PRODUCTS_DIR; };
		20F218221B020C9D0078CF28 /* Info.plist */ = {isa = PBXFileReference; lastKnownFileType = text.plist.xml; path = Info.plist; sourceTree = "<group>"; };
		20F218231B020C9D0078CF28 /* IOS_Objective_cTests.m */ = {isa = PBXFileReference; lastKnownFileType = sourcecode.c.objc; path = IOS_Objective_cTests.m; sourceTree = "<group>"; };
		20F218321B023A800078CF28 /* AFHTTPRequestOperation.h */ = {isa = PBXFileReference; fileEncoding = 4; lastKnownFileType = sourcecode.c.h; path = AFHTTPRequestOperation.h; sourceTree = "<group>"; };
		20F218331B023A800078CF28 /* AFHTTPRequestOperation.m */ = {isa = PBXFileReference; fileEncoding = 4; lastKnownFileType = sourcecode.c.objc; path = AFHTTPRequestOperation.m; sourceTree = "<group>"; };
		20F218341B023A800078CF28 /* AFHTTPRequestOperationManager.h */ = {isa = PBXFileReference; fileEncoding = 4; lastKnownFileType = sourcecode.c.h; path = AFHTTPRequestOperationManager.h; sourceTree = "<group>"; };
		20F218351B023A800078CF28 /* AFHTTPRequestOperationManager.m */ = {isa = PBXFileReference; fileEncoding = 4; lastKnownFileType = sourcecode.c.objc; path = AFHTTPRequestOperationManager.m; sourceTree = "<group>"; };
		20F218361B023A800078CF28 /* AFHTTPSessionManager.h */ = {isa = PBXFileReference; fileEncoding = 4; lastKnownFileType = sourcecode.c.h; path = AFHTTPSessionManager.h; sourceTree = "<group>"; };
		20F218371B023A800078CF28 /* AFHTTPSessionManager.m */ = {isa = PBXFileReference; fileEncoding = 4; lastKnownFileType = sourcecode.c.objc; path = AFHTTPSessionManager.m; sourceTree = "<group>"; };
		20F218381B023A800078CF28 /* AFNetworking.h */ = {isa = PBXFileReference; fileEncoding = 4; lastKnownFileType = sourcecode.c.h; path = AFNetworking.h; sourceTree = "<group>"; };
		20F218391B023A800078CF28 /* AFNetworkReachabilityManager.h */ = {isa = PBXFileReference; fileEncoding = 4; lastKnownFileType = sourcecode.c.h; path = AFNetworkReachabilityManager.h; sourceTree = "<group>"; };
		20F2183A1B023A800078CF28 /* AFNetworkReachabilityManager.m */ = {isa = PBXFileReference; fileEncoding = 4; lastKnownFileType = sourcecode.c.objc; path = AFNetworkReachabilityManager.m; sourceTree = "<group>"; };
		20F2183B1B023A800078CF28 /* AFSecurityPolicy.h */ = {isa = PBXFileReference; fileEncoding = 4; lastKnownFileType = sourcecode.c.h; path = AFSecurityPolicy.h; sourceTree = "<group>"; };
		20F2183C1B023A800078CF28 /* AFSecurityPolicy.m */ = {isa = PBXFileReference; fileEncoding = 4; lastKnownFileType = sourcecode.c.objc; path = AFSecurityPolicy.m; sourceTree = "<group>"; };
		20F2183D1B023A800078CF28 /* AFURLConnectionOperation.h */ = {isa = PBXFileReference; fileEncoding = 4; lastKnownFileType = sourcecode.c.h; path = AFURLConnectionOperation.h; sourceTree = "<group>"; };
		20F2183E1B023A800078CF28 /* AFURLConnectionOperation.m */ = {isa = PBXFileReference; fileEncoding = 4; lastKnownFileType = sourcecode.c.objc; path = AFURLConnectionOperation.m; sourceTree = "<group>"; };
		20F2183F1B023A800078CF28 /* AFURLRequestSerialization.h */ = {isa = PBXFileReference; fileEncoding = 4; lastKnownFileType = sourcecode.c.h; path = AFURLRequestSerialization.h; sourceTree = "<group>"; };
		20F218401B023A800078CF28 /* AFURLRequestSerialization.m */ = {isa = PBXFileReference; fileEncoding = 4; lastKnownFileType = sourcecode.c.objc; path = AFURLRequestSerialization.m; sourceTree = "<group>"; };
		20F218411B023A800078CF28 /* AFURLResponseSerialization.h */ = {isa = PBXFileReference; fileEncoding = 4; lastKnownFileType = sourcecode.c.h; path = AFURLResponseSerialization.h; sourceTree = "<group>"; };
		20F218421B023A800078CF28 /* AFURLResponseSerialization.m */ = {isa = PBXFileReference; fileEncoding = 4; lastKnownFileType = sourcecode.c.objc; path = AFURLResponseSerialization.m; sourceTree = "<group>"; };
		20F218431B023A800078CF28 /* AFURLSessionManager.h */ = {isa = PBXFileReference; fileEncoding = 4; lastKnownFileType = sourcecode.c.h; path = AFURLSessionManager.h; sourceTree = "<group>"; };
		20F218441B023A800078CF28 /* AFURLSessionManager.m */ = {isa = PBXFileReference; fileEncoding = 4; lastKnownFileType = sourcecode.c.objc; path = AFURLSessionManager.m; sourceTree = "<group>"; };
		20F218461B023A800078CF28 /* AFNetworkActivityIndicatorManager.h */ = {isa = PBXFileReference; fileEncoding = 4; lastKnownFileType = sourcecode.c.h; path = AFNetworkActivityIndicatorManager.h; sourceTree = "<group>"; };
		20F218471B023A800078CF28 /* AFNetworkActivityIndicatorManager.m */ = {isa = PBXFileReference; fileEncoding = 4; lastKnownFileType = sourcecode.c.objc; path = AFNetworkActivityIndicatorManager.m; sourceTree = "<group>"; };
		20F218481B023A800078CF28 /* UIActivityIndicatorView+AFNetworking.h */ = {isa = PBXFileReference; fileEncoding = 4; lastKnownFileType = sourcecode.c.h; path = "UIActivityIndicatorView+AFNetworking.h"; sourceTree = "<group>"; };
		20F218491B023A800078CF28 /* UIActivityIndicatorView+AFNetworking.m */ = {isa = PBXFileReference; fileEncoding = 4; lastKnownFileType = sourcecode.c.objc; path = "UIActivityIndicatorView+AFNetworking.m"; sourceTree = "<group>"; };
		20F2184A1B023A800078CF28 /* UIAlertView+AFNetworking.h */ = {isa = PBXFileReference; fileEncoding = 4; lastKnownFileType = sourcecode.c.h; path = "UIAlertView+AFNetworking.h"; sourceTree = "<group>"; };
		20F2184B1B023A800078CF28 /* UIAlertView+AFNetworking.m */ = {isa = PBXFileReference; fileEncoding = 4; lastKnownFileType = sourcecode.c.objc; path = "UIAlertView+AFNetworking.m"; sourceTree = "<group>"; };
		20F2184C1B023A800078CF28 /* UIButton+AFNetworking.h */ = {isa = PBXFileReference; fileEncoding = 4; lastKnownFileType = sourcecode.c.h; path = "UIButton+AFNetworking.h"; sourceTree = "<group>"; };
		20F2184D1B023A800078CF28 /* UIButton+AFNetworking.m */ = {isa = PBXFileReference; fileEncoding = 4; lastKnownFileType = sourcecode.c.objc; path = "UIButton+AFNetworking.m"; sourceTree = "<group>"; };
		20F2184E1B023A800078CF28 /* UIImageView+AFNetworking.h */ = {isa = PBXFileReference; fileEncoding = 4; lastKnownFileType = sourcecode.c.h; path = "UIImageView+AFNetworking.h"; sourceTree = "<group>"; };
		20F2184F1B023A800078CF28 /* UIImageView+AFNetworking.m */ = {isa = PBXFileReference; fileEncoding = 4; lastKnownFileType = sourcecode.c.objc; path = "UIImageView+AFNetworking.m"; sourceTree = "<group>"; };
		20F218501B023A800078CF28 /* UIKit+AFNetworking.h */ = {isa = PBXFileReference; fileEncoding = 4; lastKnownFileType = sourcecode.c.h; path = "UIKit+AFNetworking.h"; sourceTree = "<group>"; };
		20F218511B023A800078CF28 /* UIProgressView+AFNetworking.h */ = {isa = PBXFileReference; fileEncoding = 4; lastKnownFileType = sourcecode.c.h; path = "UIProgressView+AFNetworking.h"; sourceTree = "<group>"; };
		20F218521B023A800078CF28 /* UIProgressView+AFNetworking.m */ = {isa = PBXFileReference; fileEncoding = 4; lastKnownFileType = sourcecode.c.objc; path = "UIProgressView+AFNetworking.m"; sourceTree = "<group>"; };
		20F218531B023A800078CF28 /* UIRefreshControl+AFNetworking.h */ = {isa = PBXFileReference; fileEncoding = 4; lastKnownFileType = sourcecode.c.h; path = "UIRefreshControl+AFNetworking.h"; sourceTree = "<group>"; };
		20F218541B023A800078CF28 /* UIRefreshControl+AFNetworking.m */ = {isa = PBXFileReference; fileEncoding = 4; lastKnownFileType = sourcecode.c.objc; path = "UIRefreshControl+AFNetworking.m"; sourceTree = "<group>"; };
		20F218551B023A800078CF28 /* UIWebView+AFNetworking.h */ = {isa = PBXFileReference; fileEncoding = 4; lastKnownFileType = sourcecode.c.h; path = "UIWebView+AFNetworking.h"; sourceTree = "<group>"; };
		20F218561B023A800078CF28 /* UIWebView+AFNetworking.m */ = {isa = PBXFileReference; fileEncoding = 4; lastKnownFileType = sourcecode.c.objc; path = "UIWebView+AFNetworking.m"; sourceTree = "<group>"; };
/* End PBXFileReference section */

/* Begin PBXFrameworksBuildPhase section */
		20F218011B020C9D0078CF28 /* Frameworks */ = {
			isa = PBXFrameworksBuildPhase;
			buildActionMask = 2147483647;
			files = (
				2039C1A91B0F64D000F6BF92 /* libc++.dylib in Frameworks */,
				2039C1A71B0F648C00F6BF92 /* Realm.framework in Frameworks */,
				2001B1BA1B0A55A000656ECB /* CoreGraphics.framework in Frameworks */,
				2001B1B81B0A559000656ECB /* UIKit.framework in Frameworks */,
				2001B1B61B0A558800656ECB /* Foundation.framework in Frameworks */,
			);
			runOnlyForDeploymentPostprocessing = 0;
		};
		20F2181A1B020C9D0078CF28 /* Frameworks */ = {
			isa = PBXFrameworksBuildPhase;
			buildActionMask = 2147483647;
			files = (
			);
			runOnlyForDeploymentPostprocessing = 0;
		};
/* End PBXFrameworksBuildPhase section */

/* Begin PBXGroup section */
		2001B1B11B0A54A300656ECB /* ui */ = {
			isa = PBXGroup;
			children = (
				2001B1BD1B0A584A00656ECB /* MBProgressHUD.h */,
				2001B1BE1B0A584A00656ECB /* MBProgressHUD.m */,
			);
			name = ui;
			sourceTree = "<group>";
		};
		20A9B0BD1B038536005A530C /* Store */ = {
			isa = PBXGroup;
			children = (
				20A9B0BE1B03856A005A530C /* RemoteService.h */,
				20A9B0BF1B03856B005A530C /* RemoteService.m */,
				2039C1AA1B0F688000F6BF92 /* ProfileService.h */,
				2039C1AB1B0F688000F6BF92 /* ProfileService.m */,
			);
			name = Store;
			sourceTree = "<group>";
		};
		20A9B0C11B0390AE005A530C /* Model */ = {
			isa = PBXGroup;
			children = (
				20A9B0C21B0390CC005A530C /* Profile.h */,
				20A9B0C31B0390CC005A530C /* Profile.m */,
			);
			name = Model;
			sourceTree = "<group>";
		};
		20E675581B048E0B007363A7 /* Controller */ = {
			isa = PBXGroup;
			children = (
				2001B1BC1B0A57AE00656ECB /* AddProfileViewController.h */,
				20E6755D1B049001007363A7 /* AddProfileViewController.m */,
				20E675611B04FDAF007363A7 /* DisplayProfileTableViewController.h */,
				20E675621B04FDAF007363A7 /* DisplayProfileTableViewController.m */,
				20B44F1D1B0CE31B00BEB7F6 /* UpdateProfileViewController.h */,
				20B44F1E1B0CE31B00BEB7F6 /* UpdateProfileViewController.m */,
			);
			name = Controller;
			sourceTree = "<group>";
		};
		20E6755F1B049352007363A7 /* View */ = {
			isa = PBXGroup;
			children = (
				20F218111B020C9D0078CF28 /* Main.storyboard */,
			);
			name = View;
			sourceTree = "<group>";
		};
		20E675601B0493B9007363A7 /* Frameworks */ = {
			isa = PBXGroup;
			children = (
				2039C1A81B0F64D000F6BF92 /* libc++.dylib */,
				2039C1A61B0F648C00F6BF92 /* Realm.framework */,
				2001B1B91B0A55A000656ECB /* CoreGraphics.framework */,
				2001B1B71B0A559000656ECB /* UIKit.framework */,
				2001B1B51B0A558800656ECB /* Foundation.framework */,
				20F218311B023A800078CF28 /* AFNetworking */,
				20F218451B023A800078CF28 /* UIKit+AFNetworking */,
			);
			name = Frameworks;
			sourceTree = "<group>";
		};
		20F217FB1B020C9D0078CF28 = {
			isa = PBXGroup;
			children = (
				20F218061B020C9D0078CF28 /* IOS-Objective-c */,
				20E675601B0493B9007363A7 /* Frameworks */,
				20F218201B020C9D0078CF28 /* IOS-Objective-cTests */,
				20F218051B020C9D0078CF28 /* Products */,
			);
			sourceTree = "<group>";
		};
		20F218051B020C9D0078CF28 /* Products */ = {
			isa = PBXGroup;
			children = (
				20F218041B020C9D0078CF28 /* IOS-Objective-c.app */,
				20F2181D1B020C9D0078CF28 /* IOS-Objective-cTests.xctest */,
			);
			name = Products;
			sourceTree = "<group>";
		};
		20F218061B020C9D0078CF28 /* IOS-Objective-c */ = {
			isa = PBXGroup;
			children = (
				20F2180B1B020C9D0078CF28 /* AppDelegate.h */,
				20F2180C1B020C9D0078CF28 /* AppDelegate.m */,
				2001B1B11B0A54A300656ECB /* ui */,
				20A9B0C11B0390AE005A530C /* Model */,
				20E6755F1B049352007363A7 /* View */,
				20E675581B048E0B007363A7 /* Controller */,
				20A9B0BD1B038536005A530C /* Store */,
				20F2180E1B020C9D0078CF28 /* ViewController.h */,
				20F2180F1B020C9D0078CF28 /* ViewController.m */,
				20F218141B020C9D0078CF28 /* Images.xcassets */,
				20F218161B020C9D0078CF28 /* LaunchScreen.xib */,
				20F218071B020C9D0078CF28 /* Supporting Files */,
			);
			path = "IOS-Objective-c";
			sourceTree = "<group>";
		};
		20F218071B020C9D0078CF28 /* Supporting Files */ = {
			isa = PBXGroup;
			children = (
				20F218081B020C9D0078CF28 /* Info.plist */,
				20F218091B020C9D0078CF28 /* main.m */,
			);
			name = "Supporting Files";
			sourceTree = "<group>";
		};
		20F218201B020C9D0078CF28 /* IOS-Objective-cTests */ = {
			isa = PBXGroup;
			children = (
				20F218231B020C9D0078CF28 /* IOS_Objective_cTests.m */,
				20F218211B020C9D0078CF28 /* Supporting Files */,
			);
			path = "IOS-Objective-cTests";
			sourceTree = "<group>";
		};
		20F218211B020C9D0078CF28 /* Supporting Files */ = {
			isa = PBXGroup;
			children = (
				20F218221B020C9D0078CF28 /* Info.plist */,
			);
			name = "Supporting Files";
			sourceTree = "<group>";
		};
		20F218311B023A800078CF28 /* AFNetworking */ = {
			isa = PBXGroup;
			children = (
				20F218321B023A800078CF28 /* AFHTTPRequestOperation.h */,
				20F218331B023A800078CF28 /* AFHTTPRequestOperation.m */,
				20F218341B023A800078CF28 /* AFHTTPRequestOperationManager.h */,
				20F218351B023A800078CF28 /* AFHTTPRequestOperationManager.m */,
				20F218361B023A800078CF28 /* AFHTTPSessionManager.h */,
				20F218371B023A800078CF28 /* AFHTTPSessionManager.m */,
				20F218381B023A800078CF28 /* AFNetworking.h */,
				20F218391B023A800078CF28 /* AFNetworkReachabilityManager.h */,
				20F2183A1B023A800078CF28 /* AFNetworkReachabilityManager.m */,
				20F2183B1B023A800078CF28 /* AFSecurityPolicy.h */,
				20F2183C1B023A800078CF28 /* AFSecurityPolicy.m */,
				20F2183D1B023A800078CF28 /* AFURLConnectionOperation.h */,
				20F2183E1B023A800078CF28 /* AFURLConnectionOperation.m */,
				20F2183F1B023A800078CF28 /* AFURLRequestSerialization.h */,
				20F218401B023A800078CF28 /* AFURLRequestSerialization.m */,
				20F218411B023A800078CF28 /* AFURLResponseSerialization.h */,
				20F218421B023A800078CF28 /* AFURLResponseSerialization.m */,
				20F218431B023A800078CF28 /* AFURLSessionManager.h */,
				20F218441B023A800078CF28 /* AFURLSessionManager.m */,
			);
			path = AFNetworking;
			sourceTree = "<group>";
		};
		20F218451B023A800078CF28 /* UIKit+AFNetworking */ = {
			isa = PBXGroup;
			children = (
				20F218461B023A800078CF28 /* AFNetworkActivityIndicatorManager.h */,
				20F218471B023A800078CF28 /* AFNetworkActivityIndicatorManager.m */,
				20F218481B023A800078CF28 /* UIActivityIndicatorView+AFNetworking.h */,
				20F218491B023A800078CF28 /* UIActivityIndicatorView+AFNetworking.m */,
				20F2184A1B023A800078CF28 /* UIAlertView+AFNetworking.h */,
				20F2184B1B023A800078CF28 /* UIAlertView+AFNetworking.m */,
				20F2184C1B023A800078CF28 /* UIButton+AFNetworking.h */,
				20F2184D1B023A800078CF28 /* UIButton+AFNetworking.m */,
				20F2184E1B023A800078CF28 /* UIImageView+AFNetworking.h */,
				20F2184F1B023A800078CF28 /* UIImageView+AFNetworking.m */,
				20F218501B023A800078CF28 /* UIKit+AFNetworking.h */,
				20F218511B023A800078CF28 /* UIProgressView+AFNetworking.h */,
				20F218521B023A800078CF28 /* UIProgressView+AFNetworking.m */,
				20F218531B023A800078CF28 /* UIRefreshControl+AFNetworking.h */,
				20F218541B023A800078CF28 /* UIRefreshControl+AFNetworking.m */,
				20F218551B023A800078CF28 /* UIWebView+AFNetworking.h */,
				20F218561B023A800078CF28 /* UIWebView+AFNetworking.m */,
			);
			path = "UIKit+AFNetworking";
			sourceTree = "<group>";
		};
/* End PBXGroup section */

/* Begin PBXNativeTarget section */
		20F218031B020C9D0078CF28 /* IOS-Objective-c */ = {
			isa = PBXNativeTarget;
			buildConfigurationList = 20F218271B020C9D0078CF28 /* Build configuration list for PBXNativeTarget "IOS-Objective-c" */;
			buildPhases = (
				20F218001B020C9D0078CF28 /* Sources */,
				20F218011B020C9D0078CF28 /* Frameworks */,
				20F218021B020C9D0078CF28 /* Resources */,
			);
			buildRules = (
			);
			dependencies = (
			);
			name = "IOS-Objective-c";
			productName = "IOS-Objective-c";
			productReference = 20F218041B020C9D0078CF28 /* IOS-Objective-c.app */;
			productType = "com.apple.product-type.application";
		};
		20F2181C1B020C9D0078CF28 /* IOS-Objective-cTests */ = {
			isa = PBXNativeTarget;
			buildConfigurationList = 20F2182A1B020C9D0078CF28 /* Build configuration list for PBXNativeTarget "IOS-Objective-cTests" */;
			buildPhases = (
				20F218191B020C9D0078CF28 /* Sources */,
				20F2181A1B020C9D0078CF28 /* Frameworks */,
				20F2181B1B020C9D0078CF28 /* Resources */,
			);
			buildRules = (
			);
			dependencies = (
				20F2181F1B020C9D0078CF28 /* PBXTargetDependency */,
			);
			name = "IOS-Objective-cTests";
			productName = "IOS-Objective-cTests";
			productReference = 20F2181D1B020C9D0078CF28 /* IOS-Objective-cTests.xctest */;
			productType = "com.apple.product-type.bundle.unit-test";
		};
/* End PBXNativeTarget section */

/* Begin PBXProject section */
		20F217FC1B020C9D0078CF28 /* Project object */ = {
			isa = PBXProject;
			attributes = {
				LastUpgradeCheck = 0630;
				ORGANIZATIONNAME = TechNetMedia;
				TargetAttributes = {
					20F218031B020C9D0078CF28 = {
						CreatedOnToolsVersion = 6.3.1;
					};
					20F2181C1B020C9D0078CF28 = {
						CreatedOnToolsVersion = 6.3.1;
						TestTargetID = 20F218031B020C9D0078CF28;
					};
				};
			};
			buildConfigurationList = 20F217FF1B020C9D0078CF28 /* Build configuration list for PBXProject "IOS-Objective-c" */;
			compatibilityVersion = "Xcode 3.2";
			developmentRegion = English;
			hasScannedForEncodings = 0;
			knownRegions = (
				en,
				Base,
			);
			mainGroup = 20F217FB1B020C9D0078CF28;
			productRefGroup = 20F218051B020C9D0078CF28 /* Products */;
			projectDirPath = "";
			projectRoot = "";
			targets = (
				20F218031B020C9D0078CF28 /* IOS-Objective-c */,
				20F2181C1B020C9D0078CF28 /* IOS-Objective-cTests */,
			);
		};
/* End PBXProject section */

/* Begin PBXResourcesBuildPhase section */
		20F218021B020C9D0078CF28 /* Resources */ = {
			isa = PBXResourcesBuildPhase;
			buildActionMask = 2147483647;
			files = (
				20F218131B020C9D0078CF28 /* Main.storyboard in Resources */,
				20F218181B020C9D0078CF28 /* LaunchScreen.xib in Resources */,
				20F218151B020C9D0078CF28 /* Images.xcassets in Resources */,
			);
			runOnlyForDeploymentPostprocessing = 0;
		};
		20F2181B1B020C9D0078CF28 /* Resources */ = {
			isa = PBXResourcesBuildPhase;
			buildActionMask = 2147483647;
			files = (
			);
			runOnlyForDeploymentPostprocessing = 0;
		};
/* End PBXResourcesBuildPhase section */

/* Begin PBXSourcesBuildPhase section */
		20F218001B020C9D0078CF28 /* Sources */ = {
			isa = PBXSourcesBuildPhase;
			buildActionMask = 2147483647;
			files = (
				20F218571B023A800078CF28 /* AFHTTPRequestOperation.m in Sources */,
				20F218641B023A800078CF28 /* UIImageView+AFNetworking.m in Sources */,
				20F218101B020C9D0078CF28 /* ViewController.m in Sources */,
				20F218581B023A800078CF28 /* AFHTTPRequestOperationManager.m in Sources */,
				20E675631B04FDAF007363A7 /* DisplayProfileTableViewController.m in Sources */,
				20F218651B023A800078CF28 /* UIProgressView+AFNetworking.m in Sources */,
				20F2185A1B023A800078CF28 /* AFNetworkReachabilityManager.m in Sources */,
				20A9B0C01B03856B005A530C /* RemoteService.m in Sources */,
				20F2185E1B023A800078CF28 /* AFURLResponseSerialization.m in Sources */,
				20F2185C1B023A800078CF28 /* AFURLConnectionOperation.m in Sources */,
				20F218631B023A800078CF28 /* UIButton+AFNetworking.m in Sources */,
				20F218611B023A800078CF28 /* UIActivityIndicatorView+AFNetworking.m in Sources */,
				20F2185B1B023A800078CF28 /* AFSecurityPolicy.m in Sources */,
				20A9B0C41B0390CC005A530C /* Profile.m in Sources */,
				20F218661B023A800078CF28 /* UIRefreshControl+AFNetworking.m in Sources */,
				2039C1AC1B0F688000F6BF92 /* ProfileService.m in Sources */,
				20F218671B023A800078CF28 /* UIWebView+AFNetworking.m in Sources */,
				20F218591B023A800078CF28 /* AFHTTPSessionManager.m in Sources */,
				20B44F1F1B0CE31B00BEB7F6 /* UpdateProfileViewController.m in Sources */,
				2001B1BF1B0A584A00656ECB /* MBProgressHUD.m in Sources */,
				20F218621B023A800078CF28 /* UIAlertView+AFNetworking.m in Sources */,
				20F2185D1B023A800078CF28 /* AFURLRequestSerialization.m in Sources */,
				20F218601B023A800078CF28 /* AFNetworkActivityIndicatorManager.m in Sources */,
				20F2185F1B023A800078CF28 /* AFURLSessionManager.m in Sources */,
				20F2180D1B020C9D0078CF28 /* AppDelegate.m in Sources */,
				20E6755E1B049001007363A7 /* AddProfileViewController.m in Sources */,
				20F2180A1B020C9D0078CF28 /* main.m in Sources */,
			);
			runOnlyForDeploymentPostprocessing = 0;
		};
		20F218191B020C9D0078CF28 /* Sources */ = {
			isa = PBXSourcesBuildPhase;
			buildActionMask = 2147483647;
			files = (
				20F218241B020C9D0078CF28 /* IOS_Objective_cTests.m in Sources */,
			);
			runOnlyForDeploymentPostprocessing = 0;
		};
/* End PBXSourcesBuildPhase section */

/* Begin PBXTargetDependency section */
		20F2181F1B020C9D0078CF28 /* PBXTargetDependency */ = {
			isa = PBXTargetDependency;
			target = 20F218031B020C9D0078CF28 /* IOS-Objective-c */;
			targetProxy = 20F2181E1B020C9D0078CF28 /* PBXContainerItemProxy */;
		};
/* End PBXTargetDependency section */

/* Begin PBXVariantGroup section */
		20F218111B020C9D0078CF28 /* Main.storyboard */ = {
			isa = PBXVariantGroup;
			children = (
				20F218121B020C9D0078CF28 /* Base */,
			);
			name = Main.storyboard;
			sourceTree = "<group>";
		};
		20F218161B020C9D0078CF28 /* LaunchScreen.xib */ = {
			isa = PBXVariantGroup;
			children = (
				20F218171B020C9D0078CF28 /* Base */,
			);
			name = LaunchScreen.xib;
			sourceTree = "<group>";
		};
/* End PBXVariantGroup section */

/* Begin XCBuildConfiguration section */
		20F218251B020C9D0078CF28 /* Debug */ = {
			isa = XCBuildConfiguration;
			buildSettings = {
				ALWAYS_SEARCH_USER_PATHS = NO;
				CLANG_CXX_LANGUAGE_STANDARD = "gnu++0x";
				CLANG_CXX_LIBRARY = "libc++";
				CLANG_ENABLE_MODULES = YES;
				CLANG_ENABLE_OBJC_ARC = YES;
				CLANG_WARN_BOOL_CONVERSION = YES;
				CLANG_WARN_CONSTANT_CONVERSION = YES;
				CLANG_WARN_DIRECT_OBJC_ISA_USAGE = YES_ERROR;
				CLANG_WARN_EMPTY_BODY = YES;
				CLANG_WARN_ENUM_CONVERSION = YES;
				CLANG_WARN_INT_CONVERSION = YES;
				CLANG_WARN_OBJC_ROOT_CLASS = YES_ERROR;
				CLANG_WARN_UNREACHABLE_CODE = YES;
				CLANG_WARN__DUPLICATE_METHOD_MATCH = YES;
				"CODE_SIGN_IDENTITY[sdk=iphoneos*]" = "iPhone Developer";
				COPY_PHASE_STRIP = NO;
				DEBUG_INFORMATION_FORMAT = "dwarf-with-dsym";
				ENABLE_STRICT_OBJC_MSGSEND = YES;
				GCC_C_LANGUAGE_STANDARD = gnu99;
				GCC_DYNAMIC_NO_PIC = NO;
				GCC_NO_COMMON_BLOCKS = YES;
				GCC_OPTIMIZATION_LEVEL = 0;
				GCC_PREPROCESSOR_DEFINITIONS = (
					"DEBUG=1",
					"$(inherited)",
				);
				GCC_SYMBOLS_PRIVATE_EXTERN = NO;
				GCC_WARN_64_TO_32_BIT_CONVERSION = YES;
				GCC_WARN_ABOUT_RETURN_TYPE = YES_ERROR;
				GCC_WARN_UNDECLARED_SELECTOR = YES;
				GCC_WARN_UNINITIALIZED_AUTOS = YES_AGGRESSIVE;
				GCC_WARN_UNUSED_FUNCTION = YES;
				GCC_WARN_UNUSED_VARIABLE = YES;
				IPHONEOS_DEPLOYMENT_TARGET = 8.3;
				MTL_ENABLE_DEBUG_INFO = YES;
				ONLY_ACTIVE_ARCH = YES;
				SDKROOT = iphoneos;
				TARGETED_DEVICE_FAMILY = 2;
			};
			name = Debug;
		};
		20F218261B020C9D0078CF28 /* Release */ = {
			isa = XCBuildConfiguration;
			buildSettings = {
				ALWAYS_SEARCH_USER_PATHS = NO;
				CLANG_CXX_LANGUAGE_STANDARD = "gnu++0x";
				CLANG_CXX_LIBRARY = "libc++";
				CLANG_ENABLE_MODULES = YES;
				CLANG_ENABLE_OBJC_ARC = YES;
				CLANG_WARN_BOOL_CONVERSION = YES;
				CLANG_WARN_CONSTANT_CONVERSION = YES;
				CLANG_WARN_DIRECT_OBJC_ISA_USAGE = YES_ERROR;
				CLANG_WARN_EMPTY_BODY = YES;
				CLANG_WARN_ENUM_CONVERSION = YES;
				CLANG_WARN_INT_CONVERSION = YES;
				CLANG_WARN_OBJC_ROOT_CLASS = YES_ERROR;
				CLANG_WARN_UNREACHABLE_CODE = YES;
				CLANG_WARN__DUPLICATE_METHOD_MATCH = YES;
				"CODE_SIGN_IDENTITY[sdk=iphoneos*]" = "iPhone Developer";
				COPY_PHASE_STRIP = NO;
				DEBUG_INFORMATION_FORMAT = "dwarf-with-dsym";
				ENABLE_NS_ASSERTIONS = NO;
				ENABLE_STRICT_OBJC_MSGSEND = YES;
				GCC_C_LANGUAGE_STANDARD = gnu99;
				GCC_NO_COMMON_BLOCKS = YES;
				GCC_WARN_64_TO_32_BIT_CONVERSION = YES;
				GCC_WARN_ABOUT_RETURN_TYPE = YES_ERROR;
				GCC_WARN_UNDECLARED_SELECTOR = YES;
				GCC_WARN_UNINITIALIZED_AUTOS = YES_AGGRESSIVE;
				GCC_WARN_UNUSED_FUNCTION = YES;
				GCC_WARN_UNUSED_VARIABLE = YES;
				IPHONEOS_DEPLOYMENT_TARGET = 8.3;
				MTL_ENABLE_DEBUG_INFO = NO;
				SDKROOT = iphoneos;
				TARGETED_DEVICE_FAMILY = 2;
				VALIDATE_PRODUCT = YES;
			};
			name = Release;
		};
		20F218281B020C9D0078CF28 /* Debug */ = {
			isa = XCBuildConfiguration;
			buildSettings = {
				ASSETCATALOG_COMPILER_APPICON_NAME = AppIcon;
				FRAMEWORK_SEARCH_PATHS = (
					"$(inherited)",
					"$(PROJECT_DIR)",
				);
				INFOPLIST_FILE = "IOS-Objective-c/Info.plist";
				LD_RUNPATH_SEARCH_PATHS = "$(inherited) @executable_path/Frameworks";
				PRODUCT_NAME = "$(TARGET_NAME)";
				TARGETED_DEVICE_FAMILY = 1;
			};
			name = Debug;
		};
		20F218291B020C9D0078CF28 /* Release */ = {
			isa = XCBuildConfiguration;
			buildSettings = {
				ASSETCATALOG_COMPILER_APPICON_NAME = AppIcon;
				FRAMEWORK_SEARCH_PATHS = (
					"$(inherited)",
					"$(PROJECT_DIR)",
				);
				INFOPLIST_FILE = "IOS-Objective-c/Info.plist";
				LD_RUNPATH_SEARCH_PATHS = "$(inherited) @executable_path/Frameworks";
				PRODUCT_NAME = "$(TARGET_NAME)";
				TARGETED_DEVICE_FAMILY = 1;
			};
			name = Release;
		};
		20F2182B1B020C9D0078CF28 /* Debug */ = {
			isa = XCBuildConfiguration;
			buildSettings = {
				BUNDLE_LOADER = "$(TEST_HOST)";
				FRAMEWORK_SEARCH_PATHS = (
					"$(SDKROOT)/Developer/Library/Frameworks",
					"$(inherited)",
				);
				GCC_PREPROCESSOR_DEFINITIONS = (
					"DEBUG=1",
					"$(inherited)",
				);
				INFOPLIST_FILE = "IOS-Objective-cTests/Info.plist";
				LD_RUNPATH_SEARCH_PATHS = "$(inherited) @executable_path/Frameworks @loader_path/Frameworks";
				PRODUCT_NAME = "$(TARGET_NAME)";
				TEST_HOST = "$(BUILT_PRODUCTS_DIR)/IOS-Objective-c.app/IOS-Objective-c";
			};
			name = Debug;
		};
		20F2182C1B020C9D0078CF28 /* Release */ = {
			isa = XCBuildConfiguration;
			buildSettings = {
				BUNDLE_LOADER = "$(TEST_HOST)";
				FRAMEWORK_SEARCH_PATHS = (
					"$(SDKROOT)/Developer/Library/Frameworks",
					"$(inherited)",
				);
				INFOPLIST_FILE = "IOS-Objective-cTests/Info.plist";
				LD_RUNPATH_SEARCH_PATHS = "$(inherited) @executable_path/Frameworks @loader_path/Frameworks";
				PRODUCT_NAME = "$(TARGET_NAME)";
				TEST_HOST = "$(BUILT_PRODUCTS_DIR)/IOS-Objective-c.app/IOS-Objective-c";
			};
			name = Release;
		};
/* End XCBuildConfiguration section */

/* Begin XCConfigurationList section */
		20F217FF1B020C9D0078CF28 /* Build configuration list for PBXProject "IOS-Objective-c" */ = {
			isa = XCConfigurationList;
			buildConfigurations = (
				20F218251B020C9D0078CF28 /* Debug */,
				20F218261B020C9D0078CF28 /* Release */,
			);
			defaultConfigurationIsVisible = 0;
			defaultConfigurationName = Release;
		};
		20F218271B020C9D0078CF28 /* Build configuration list for PBXNativeTarget "IOS-Objective-c" */ = {
			isa = XCConfigurationList;
			buildConfigurations = (
				20F218281B020C9D0078CF28 /* Debug */,
				20F218291B020C9D0078CF28 /* Release */,
			);
			defaultConfigurationIsVisible = 0;
			defaultConfigurationName = Release;
		};
		20F2182A1B020C9D0078CF28 /* Build configuration list for PBXNativeTarget "IOS-Objective-cTests" */ = {
			isa = XCConfigurationList;
			buildConfigurations = (
				20F2182B1B020C9D0078CF28 /* Debug */,
				20F2182C1B020C9D0078CF28 /* Release */,
			);
			defaultConfigurationIsVisible = 0;
			defaultConfigurationName = Release;
		};
/* End XCConfigurationList section */
	};
	rootObject = 20F217FC1B020C9D0078CF28 /* Project object */;
}
